# This file was autogenerated by Stack.
# You should not edit this file by hand.
# For more information, please see the documentation at:
#   https://docs.haskellstack.org/en/stable/lock_files

packages:
- completed:
    hackage: base-compat-0.10.5@sha256:d49e174ed0daecd059c52d13d4f4de87b5609c81212a22adbb92431f9cd58fff,6941
    pantry-tree:
      size: 8340
      sha256: 35ec3027624224a49f2a37aff7967dc75d9fc20a7e328ee2b7c0abc2e8838ff8
  original:
    hackage: base-compat-0.10.5
snapshots:
- completed:
    size: 513872
    url: https://raw.githubusercontent.com/commercialhaskell/stackage-snapshots/master/nightly/2019/6/28.yaml
    sha256: 60d99bc77de2ab71baaf7114873210155f84e8ae78350f113a1e6307a6b1995c
  original: nightly-2019-06-28
